
Microsoft Visual Studio Solution File, Format Version 12.00
# Visual Studio Version 17
VisualStudioVersion = 17.5.002.0
MinimumVisualStudioVersion = 10.0.40219.1
Project("{2150E333-8FDC-42A3-9474-1A3956D46DE8}") = "zap", "zap", "{C83490F3-8BB6-4310-BA96-62BB38C9B31A}"
EndProject
Project("{2150E333-8FDC-42A3-9474-1A3956D46DE8}") = "wrk", "wrk", "{B2DB6BF8-6311-4D62-900F-AEF458B459D7}"
EndProject
Project("{9A19103F-16F7-4668-BE54-9A1E7A4F7556}") = "csharp", "zap\wrk\csharp\csharp.csproj", "{EBDE9E9F-6E3A-4422-9BAC-13960FF44E00}"
EndProject
Global
	GlobalSection(SolutionConfigurationPlatforms) = preSolution
		Debug|Any CPU = Debug|Any CPU
		Release|Any CPU = Release|Any CPU
	EndGlobalSection
	GlobalSection(ProjectConfigurationPlatforms) = postSolution
		{EBDE9E9F-6E3A-4422-9BAC-13960FF44E00}.Debug|Any CPU.ActiveCfg = Debug|Any CPU
		{EBDE9E9F-6E3A-4422-9BAC-13960FF44E00}.Debug|Any CPU.Build.0 = Debug|Any CPU
		{EBDE9E9F-6E3A-4422-9BAC-13960FF44E00}.Release|Any CPU.ActiveCfg = Release|Any CPU
		{EBDE9E9F-6E3A-4422-9BAC-13960FF44E00}.Release|Any CPU.Build.0 = Release|Any CPU
	EndGlobalSection
	GlobalSection(SolutionProperties) = preSolution
		HideSolutionNode = FALSE
	EndGlobalSection
	GlobalSection(NestedProjects) = preSolution
		{B2DB6BF8-6311-4D62-900F-AEF458B459D7} = {C83490F3-8BB6-4310-BA96-62BB38C9B31A}
		{EBDE9E9F-6E3A-4422-9BAC-13960FF44E00} = {B2DB6BF8-6311-4D62-900F-AEF458B459D7}
	EndGlobalSection
	GlobalSection(ExtensibilityGlobals) = postSolution
		SolutionGuid = {B3FAE07C-0265-4B91-BBC2-365DC7FD4C0C}
	EndGlobalSection
EndGlobal
